{
  "name": "asp.net",
  "version": "1.0.0",
  "lockfileVersion": 1,
  "requires": true,
  "dependencies": {
    "@aspnet/signalr": {
      "version": "1.1.0-preview1-35029",
      "resolved": "https://registry.npmjs.org/@aspnet/signalr/-/signalr-1.1.0-preview1-35029.tgz",
      "integrity": "sha512-7h2ApjiYxSagwBJOQMby0essUTibWIlEw1P6W6aNYmfwziiuUaBgZL3IeUY3I7MtIEc0dXCt7G31ZKqwyYlkdw==",
      "dev": true
    }
  }
}
